// !$*UTF8*$!
{
	archiveVersion = 1;
	classes = {
	};
	objectVersion = 56;
	objects = {

/* Begin PBXBuildFile section */
		C65D4EB42B05A1E700DD2FF8 /* COTW_CompanionApp.swift in Sources */ = {isa = PBXBuildFile; fileRef = C65D4EB32B05A1E700DD2FF8 /* COTW_CompanionApp.swift */; };
		C65D4EB62B05A1E700DD2FF8 /* ContentView.swift in Sources */ = {isa = PBXBuildFile; fileRef = C65D4EB52B05A1E700DD2FF8 /* ContentView.swift */; };
		C65D4EBA2B05A1E900DD2FF8 /* Assets.xcassets in Resources */ = {isa = PBXBuildFile; fileRef = C65D4EB92B05A1E900DD2FF8 /* Assets.xcassets */; };
		C65D4EBD2B05A1E900DD2FF8 /* Preview Assets.xcassets in Resources */ = {isa = PBXBuildFile; fileRef = C65D4EBC2B05A1E900DD2FF8 /* Preview Assets.xcassets */; };
		C65D4EC42B05A24700DD2FF8 /* Map.swift in Sources */ = {isa = PBXBuildFile; fileRef = C65D4EC32B05A24700DD2FF8 /* Map.swift */; };
		C65D4EC62B05A25000DD2FF8 /* Animal.swift in Sources */ = {isa = PBXBuildFile; fileRef = C65D4EC52B05A25000DD2FF8 /* Animal.swift */; };
		C65D4EC82B05A25A00DD2FF8 /* Trophy.swift in Sources */ = {isa = PBXBuildFile; fileRef = C65D4EC72B05A25A00DD2FF8 /* Trophy.swift */; };
		C65D4ECA2B05A4B100DD2FF8 /* animalData.json in Resources */ = {isa = PBXBuildFile; fileRef = C65D4EC92B05A4B100DD2FF8 /* animalData.json */; };
		C65D4ECC2B05A4D600DD2FF8 /* mapData.json in Resources */ = {isa = PBXBuildFile; fileRef = C65D4ECB2B05A4D600DD2FF8 /* mapData.json */; };
		C65D4ECF2B05ABA000DD2FF8 /* mapListView.swift in Sources */ = {isa = PBXBuildFile; fileRef = C65D4ECE2B05ABA000DD2FF8 /* mapListView.swift */; };
		C65D4ED12B05ABAD00DD2FF8 /* animalsOnMapView.swift in Sources */ = {isa = PBXBuildFile; fileRef = C65D4ED02B05ABAD00DD2FF8 /* animalsOnMapView.swift */; };
		C65D4ED32B05ABB900DD2FF8 /* animalDetailsView.swift in Sources */ = {isa = PBXBuildFile; fileRef = C65D4ED22B05ABB900DD2FF8 /* animalDetailsView.swift */; };
		C65D4ED52B05ABED00DD2FF8 /* AnimalUtility.swift in Sources */ = {isa = PBXBuildFile; fileRef = C65D4ED42B05ABED00DD2FF8 /* AnimalUtility.swift */; };
		C65D4ED72B05B02800DD2FF8 /* trophyListView.swift in Sources */ = {isa = PBXBuildFile; fileRef = C65D4ED62B05B02800DD2FF8 /* trophyListView.swift */; };
		C65D4EDB2B05BFD600DD2FF8 /* scatter in Resources */ = {isa = PBXBuildFile; fileRef = C65D4EDA2B05BFD600DD2FF8 /* scatter */; };
/* End PBXBuildFile section */

/* Begin PBXFileReference section */
		C65D4EB02B05A1E700DD2FF8 /* COTW Companion.app */ = {isa = PBXFileReference; explicitFileType = wrapper.application; includeInIndex = 0; path = "COTW Companion.app"; sourceTree = BUILT_PRODUCTS_DIR; };
		C65D4EB32B05A1E700DD2FF8 /* COTW_CompanionApp.swift */ = {isa = PBXFileReference; lastKnownFileType = sourcecode.swift; path = COTW_CompanionApp.swift; sourceTree = "<group>"; };
		C65D4EB52B05A1E700DD2FF8 /* ContentView.swift */ = {isa = PBXFileReference; lastKnownFileType = sourcecode.swift; path = ContentView.swift; sourceTree = "<group>"; };
		C65D4EB92B05A1E900DD2FF8 /* Assets.xcassets */ = {isa = PBXFileReference; lastKnownFileType = folder.assetcatalog; path = Assets.xcassets; sourceTree = "<group>"; };
		C65D4EBC2B05A1E900DD2FF8 /* Preview Assets.xcassets */ = {isa = PBXFileReference; lastKnownFileType = folder.assetcatalog; path = "Preview Assets.xcassets"; sourceTree = "<group>"; };
		C65D4EC32B05A24700DD2FF8 /* Map.swift */ = {isa = PBXFileReference; lastKnownFileType = sourcecode.swift; path = Map.swift; sourceTree = "<group>"; };
		C65D4EC52B05A25000DD2FF8 /* Animal.swift */ = {isa = PBXFileReference; lastKnownFileType = sourcecode.swift; path = Animal.swift; sourceTree = "<group>"; };
		C65D4EC72B05A25A00DD2FF8 /* Trophy.swift */ = {isa = PBXFileReference; lastKnownFileType = sourcecode.swift; path = Trophy.swift; sourceTree = "<group>"; };
		C65D4EC92B05A4B100DD2FF8 /* animalData.json */ = {isa = PBXFileReference; lastKnownFileType = text.json; path = animalData.json; sourceTree = "<group>"; };
		C65D4ECB2B05A4D600DD2FF8 /* mapData.json */ = {isa = PBXFileReference; lastKnownFileType = text.json; path = mapData.json; sourceTree = "<group>"; };
		C65D4ECE2B05ABA000DD2FF8 /* mapListView.swift */ = {isa = PBXFileReference; lastKnownFileType = sourcecode.swift; path = mapListView.swift; sourceTree = "<group>"; };
		C65D4ED02B05ABAD00DD2FF8 /* animalsOnMapView.swift */ = {isa = PBXFileReference; lastKnownFileType = sourcecode.swift; path = animalsOnMapView.swift; sourceTree = "<group>"; };
		C65D4ED22B05ABB900DD2FF8 /* animalDetailsView.swift */ = {isa = PBXFileReference; lastKnownFileType = sourcecode.swift; path = animalDetailsView.swift; sourceTree = "<group>"; };
		C65D4ED42B05ABED00DD2FF8 /* AnimalUtility.swift */ = {isa = PBXFileReference; lastKnownFileType = sourcecode.swift; path = AnimalUtility.swift; sourceTree = "<group>"; };
		C65D4ED62B05B02800DD2FF8 /* trophyListView.swift */ = {isa = PBXFileReference; lastKnownFileType = sourcecode.swift; path = trophyListView.swift; sourceTree = "<group>"; };
		C65D4EDA2B05BFD600DD2FF8 /* scatter */ = {isa = PBXFileReference; lastKnownFileType = text; path = scatter; sourceTree = "<group>"; };
/* End PBXFileReference section */

/* Begin PBXFrameworksBuildPhase section */
		C65D4EAD2B05A1E700DD2FF8 /* Frameworks */ = {
			isa = PBXFrameworksBuildPhase;
			buildActionMask = 2147483647;
			files = (
			);
			runOnlyForDeploymentPostprocessing = 0;
		};
/* End PBXFrameworksBuildPhase section */

/* Begin PBXGroup section */
		C65D4EA72B05A1E700DD2FF8 = {
			isa = PBXGroup;
			children = (
				C65D4EB22B05A1E700DD2FF8 /* COTW Companion */,
				C65D4EB12B05A1E700DD2FF8 /* Products */,
			);
			sourceTree = "<group>";
		};
		C65D4EB12B05A1E700DD2FF8 /* Products */ = {
			isa = PBXGroup;
			children = (
				C65D4EB02B05A1E700DD2FF8 /* COTW Companion.app */,
			);
			name = Products;
			sourceTree = "<group>";
		};
		C65D4EB22B05A1E700DD2FF8 /* COTW Companion */ = {
			isa = PBXGroup;
			children = (
				C65D4ECD2B05A4FF00DD2FF8 /* JSON Files */,
				C65D4EB32B05A1E700DD2FF8 /* COTW_CompanionApp.swift */,
				C65D4EB52B05A1E700DD2FF8 /* ContentView.swift */,
				C65D4ED62B05B02800DD2FF8 /* trophyListView.swift */,
				C65D4ECE2B05ABA000DD2FF8 /* mapListView.swift */,
				C65D4ED02B05ABAD00DD2FF8 /* animalsOnMapView.swift */,
				C65D4ED42B05ABED00DD2FF8 /* AnimalUtility.swift */,
				C65D4ED22B05ABB900DD2FF8 /* animalDetailsView.swift */,
				C65D4EB92B05A1E900DD2FF8 /* Assets.xcassets */,
				C65D4EBB2B05A1E900DD2FF8 /* Preview Content */,
				C65D4EC32B05A24700DD2FF8 /* Map.swift */,
				C65D4EC52B05A25000DD2FF8 /* Animal.swift */,
				C65D4EC72B05A25A00DD2FF8 /* Trophy.swift */,
				C65D4EDA2B05BFD600DD2FF8 /* scatter */,
			);
			path = "COTW Companion";
			sourceTree = "<group>";
		};
		C65D4EBB2B05A1E900DD2FF8 /* Preview Content */ = {
			isa = PBXGroup;
			children = (
				C65D4EBC2B05A1E900DD2FF8 /* Preview Assets.xcassets */,
			);
			path = "Preview Content";
			sourceTree = "<group>";
		};
		C65D4ECD2B05A4FF00DD2FF8 /* JSON Files */ = {
			isa = PBXGroup;
			children = (
				C65D4EC92B05A4B100DD2FF8 /* animalData.json */,
				C65D4ECB2B05A4D600DD2FF8 /* mapData.json */,
			);
			path = "JSON Files";
			sourceTree = "<group>";
		};
/* End PBXGroup section */

/* Begin PBXNativeTarget section */
		C65D4EAF2B05A1E700DD2FF8 /* COTW Companion */ = {
			isa = PBXNativeTarget;
			buildConfigurationList = C65D4EC02B05A1E900DD2FF8 /* Build configuration list for PBXNativeTarget "COTW Companion" */;
			buildPhases = (
				C65D4EAC2B05A1E700DD2FF8 /* Sources */,
				C65D4EAD2B05A1E700DD2FF8 /* Frameworks */,
				C65D4EAE2B05A1E700DD2FF8 /* Resources */,
			);
			buildRules = (
			);
			dependencies = (
			);
			name = "COTW Companion";
			productName = "COTW Companion";
			productReference = C65D4EB02B05A1E700DD2FF8 /* COTW Companion.app */;
			productType = "com.apple.product-type.application";
		};
/* End PBXNativeTarget section */

/* Begin PBXProject section */
		C65D4EA82B05A1E700DD2FF8 /* Project object */ = {
			isa = PBXProject;
			attributes = {
				BuildIndependentTargetsInParallel = 1;
				LastSwiftUpdateCheck = 1500;
				LastUpgradeCheck = 1500;
				TargetAttributes = {
					C65D4EAF2B05A1E700DD2FF8 = {
						CreatedOnToolsVersion = 15.0.1;
					};
				};
			};
			buildConfigurationList = C65D4EAB2B05A1E700DD2FF8 /* Build configuration list for PBXProject "COTW Companion" */;
			compatibilityVersion = "Xcode 14.0";
			developmentRegion = en;
			hasScannedForEncodings = 0;
			knownRegions = (
				en,
				Base,
			);
			mainGroup = C65D4EA72B05A1E700DD2FF8;
			productRefGroup = C65D4EB12B05A1E700DD2FF8 /* Products */;
			projectDirPath = "";
			projectRoot = "";
			targets = (
				C65D4EAF2B05A1E700DD2FF8 /* COTW Companion */,
			);
		};
/* End PBXProject section */

/* Begin PBXResourcesBuildPhase section */
		C65D4EAE2B05A1E700DD2FF8 /* Resources */ = {
			isa = PBXResourcesBuildPhase;
			buildActionMask = 2147483647;
			files = (
				C65D4ECC2B05A4D600DD2FF8 /* mapData.json in Resources */,
				C65D4EBD2B05A1E900DD2FF8 /* Preview Assets.xcassets in Resources */,
				C65D4EDB2B05BFD600DD2FF8 /* scatter in Resources */,
				C65D4EBA2B05A1E900DD2FF8 /* Assets.xcassets in Resources */,
				C65D4ECA2B05A4B100DD2FF8 /* animalData.json in Resources */,
			);
			runOnlyForDeploymentPostprocessing = 0;
		};
/* End PBXResourcesBuildPhase section */

/* Begin PBXSourcesBuildPhase section */
		C65D4EAC2B05A1E700DD2FF8 /* Sources */ = {
			isa = PBXSourcesBuildPhase;
			buildActionMask = 2147483647;
			files = (
				C65D4ECF2B05ABA000DD2FF8 /* mapListView.swift in Sources */,
				C65D4EB62B05A1E700DD2FF8 /* ContentView.swift in Sources */,
				C65D4EC42B05A24700DD2FF8 /* Map.swift in Sources */,
				C65D4ED12B05ABAD00DD2FF8 /* animalsOnMapView.swift in Sources */,
				C65D4EC82B05A25A00DD2FF8 /* Trophy.swift in Sources */,
				C65D4ED52B05ABED00DD2FF8 /* AnimalUtility.swift in Sources */,
				C65D4EB42B05A1E700DD2FF8 /* COTW_CompanionApp.swift in Sources */,
				C65D4EC62B05A25000DD2FF8 /* Animal.swift in Sources */,
				C65D4ED72B05B02800DD2FF8 /* trophyListView.swift in Sources */,
				C65D4ED32B05ABB900DD2FF8 /* animalDetailsView.swift in Sources */,
			);
			runOnlyForDeploymentPostprocessing = 0;
		};
/* End PBXSourcesBuildPhase section */

/* Begin XCBuildConfiguration section */
		C65D4EBE2B05A1E900DD2FF8 /* Debug */ = {
			isa = XCBuildConfiguration;
			buildSettings = {
				ALWAYS_SEARCH_USER_PATHS = NO;
				ASSETCATALOG_COMPILER_GENERATE_SWIFT_ASSET_SYMBOL_EXTENSIONS = YES;
				CLANG_ANALYZER_NONNULL = YES;
				CLANG_ANALYZER_NUMBER_OBJECT_CONVERSION = YES_AGGRESSIVE;
				CLANG_CXX_LANGUAGE_STANDARD = "gnu++20";
				CLANG_ENABLE_MODULES = YES;
				CLANG_ENABLE_OBJC_ARC = YES;
				CLANG_ENABLE_OBJC_WEAK = YES;
				CLANG_WARN_BLOCK_CAPTURE_AUTORELEASING = YES;
				CLANG_WARN_BOOL_CONVERSION = YES;
				CLANG_WARN_COMMA = YES;
				CLANG_WARN_CONSTANT_CONVERSION = YES;
				CLANG_WARN_DEPRECATED_OBJC_IMPLEMENTATIONS = YES;
				CLANG_WARN_DIRECT_OBJC_ISA_USAGE = YES_ERROR;
				CLANG_WARN_DOCUMENTATION_COMMENTS = YES;
				CLANG_WARN_EMPTY_BODY = YES;
				CLANG_WARN_ENUM_CONVERSION = YES;
				CLANG_WARN_INFINITE_RECURSION = YES;
				CLANG_WARN_INT_CONVERSION = YES;
				CLANG_WARN_NON_LITERAL_NULL_CONVERSION = YES;
				CLANG_WARN_OBJC_IMPLICIT_RETAIN_SELF = YES;
				CLANG_WARN_OBJC_LITERAL_CONVERSION = YES;
				CLANG_WARN_OBJC_ROOT_CLASS = YES_ERROR;
				CLANG_WARN_QUOTED_INCLUDE_IN_FRAMEWORK_HEADER = YES;
				CLANG_WARN_RANGE_LOOP_ANALYSIS = YES;
				CLANG_WARN_STRICT_PROTOTYPES = YES;
				CLANG_WARN_SUSPICIOUS_MOVE = YES;
				CLANG_WARN_UNGUARDED_AVAILABILITY = YES_AGGRESSIVE;
				CLANG_WARN_UNREACHABLE_CODE = YES;
				CLANG_WARN__DUPLICATE_METHOD_MATCH = YES;
				COPY_PHASE_STRIP = NO;
				DEBUG_INFORMATION_FORMAT = dwarf;
				ENABLE_STRICT_OBJC_MSGSEND = YES;
				ENABLE_TESTABILITY = YES;
				ENABLE_USER_SCRIPT_SANDBOXING = YES;
				GCC_C_LANGUAGE_STANDARD = gnu17;
				GCC_DYNAMIC_NO_PIC = NO;
				GCC_NO_COMMON_BLOCKS = YES;
				GCC_OPTIMIZATION_LEVEL = 0;
				GCC_PREPROCESSOR_DEFINITIONS = (
					"DEBUG=1",
					"$(inherited)",
				);
				GCC_WARN_64_TO_32_BIT_CONVERSION = YES;
				GCC_WARN_ABOUT_RETURN_TYPE = YES_ERROR;
				GCC_WARN_UNDECLARED_SELECTOR = YES;
				GCC_WARN_UNINITIALIZED_AUTOS = YES_AGGRESSIVE;
				GCC_WARN_UNUSED_FUNCTION = YES;
				GCC_WARN_UNUSED_VARIABLE = YES;
				IPHONEOS_DEPLOYMENT_TARGET = 17.0;
				LOCALIZATION_PREFERS_STRING_CATALOGS = YES;
				MTL_ENABLE_DEBUG_INFO = INCLUDE_SOURCE;
				MTL_FAST_MATH = YES;
				ONLY_ACTIVE_ARCH = YES;
				SDKROOT = iphoneos;
				SWIFT_ACTIVE_COMPILATION_CONDITIONS = "DEBUG $(inherited)";
				SWIFT_OPTIMIZATION_LEVEL = "-Onone";
			};
			name = Debug;
		};
		C65D4EBF2B05A1E900DD2FF8 /* Release */ = {
			isa = XCBuildConfiguration;
			buildSettings = {
				ALWAYS_SEARCH_USER_PATHS = NO;
				ASSETCATALOG_COMPILER_GENERATE_SWIFT_ASSET_SYMBOL_EXTENSIONS = YES;
				CLANG_ANALYZER_NONNULL = YES;
				CLANG_ANALYZER_NUMBER_OBJECT_CONVERSION = YES_AGGRESSIVE;
				CLANG_CXX_LANGUAGE_STANDARD = "gnu++20";
				CLANG_ENABLE_MODULES = YES;
				CLANG_ENABLE_OBJC_ARC = YES;
				CLANG_ENABLE_OBJC_WEAK = YES;
				CLANG_WARN_BLOCK_CAPTURE_AUTORELEASING = YES;
				CLANG_WARN_BOOL_CONVERSION = YES;
				CLANG_WARN_COMMA = YES;
				CLANG_WARN_CONSTANT_CONVERSION = YES;
				CLANG_WARN_DEPRECATED_OBJC_IMPLEMENTATIONS = YES;
				CLANG_WARN_DIRECT_OBJC_ISA_USAGE = YES_ERROR;
				CLANG_WARN_DOCUMENTATION_COMMENTS = YES;
				CLANG_WARN_EMPTY_BODY = YES;
				CLANG_WARN_ENUM_CONVERSION = YES;
				CLANG_WARN_INFINITE_RECURSION = YES;
				CLANG_WARN_INT_CONVERSION = YES;
				CLANG_WARN_NON_LITERAL_NULL_CONVERSION = YES;
				CLANG_WARN_OBJC_IMPLICIT_RETAIN_SELF = YES;
				CLANG_WARN_OBJC_LITERAL_CONVERSION = YES;
				CLANG_WARN_OBJC_ROOT_CLASS = YES_ERROR;
				CLANG_WARN_QUOTED_INCLUDE_IN_FRAMEWORK_HEADER = YES;
				CLANG_WARN_RANGE_LOOP_ANALYSIS = YES;
				CLANG_WARN_STRICT_PROTOTYPES = YES;
				CLANG_WARN_SUSPICIOUS_MOVE = YES;
				CLANG_WARN_UNGUARDED_AVAILABILITY = YES_AGGRESSIVE;
				CLANG_WARN_UNREACHABLE_CODE = YES;
				CLANG_WARN__DUPLICATE_METHOD_MATCH = YES;
				COPY_PHASE_STRIP = NO;
				DEBUG_INFORMATION_FORMAT = "dwarf-with-dsym";
				ENABLE_NS_ASSERTIONS = NO;
				ENABLE_STRICT_OBJC_MSGSEND = YES;
				ENABLE_USER_SCRIPT_SANDBOXING = YES;
				GCC_C_LANGUAGE_STANDARD = gnu17;
				GCC_NO_COMMON_BLOCKS = YES;
				GCC_WARN_64_TO_32_BIT_CONVERSION = YES;
				GCC_WARN_ABOUT_RETURN_TYPE = YES_ERROR;
				GCC_WARN_UNDECLARED_SELECTOR = YES;
				GCC_WARN_UNINITIALIZED_AUTOS = YES_AGGRESSIVE;
				GCC_WARN_UNUSED_FUNCTION = YES;
				GCC_WARN_UNUSED_VARIABLE = YES;
				IPHONEOS_DEPLOYMENT_TARGET = 17.0;
				LOCALIZATION_PREFERS_STRING_CATALOGS = YES;
				MTL_ENABLE_DEBUG_INFO = NO;
				MTL_FAST_MATH = YES;
				SDKROOT = iphoneos;
				SWIFT_COMPILATION_MODE = wholemodule;
				VALIDATE_PRODUCT = YES;
			};
			name = Release;
		};
		C65D4EC12B05A1E900DD2FF8 /* Debug */ = {
			isa = XCBuildConfiguration;
			buildSettings = {
				ASSETCATALOG_COMPILER_APPICON_NAME = AppIcon;
				ASSETCATALOG_COMPILER_GLOBAL_ACCENT_COLOR_NAME = AccentColor;
				CODE_SIGN_STYLE = Automatic;
				CURRENT_PROJECT_VERSION = 1;
				DEVELOPMENT_ASSET_PATHS = "\"COTW Companion/Preview Content\"";
				DEVELOPMENT_TEAM = T5H59C3GKM;
				ENABLE_PREVIEWS = YES;
				GENERATE_INFOPLIST_FILE = YES;
				INFOPLIST_KEY_UIApplicationSceneManifest_Generation = YES;
				INFOPLIST_KEY_UIApplicationSupportsIndirectInputEvents = YES;
				INFOPLIST_KEY_UILaunchScreen_Generation = YES;
				INFOPLIST_KEY_UISupportedInterfaceOrientations_iPad = "UIInterfaceOrientationPortrait UIInterfaceOrientationPortraitUpsideDown UIInterfaceOrientationLandscapeLeft UIInterfaceOrientationLandscapeRight";
				INFOPLIST_KEY_UISupportedInterfaceOrientations_iPhone = "UIInterfaceOrientationPortrait UIInterfaceOrientationLandscapeLeft UIInterfaceOrientationLandscapeRight";
				LD_RUNPATH_SEARCH_PATHS = (
					"$(inherited)",
					"@executable_path/Frameworks",
				);
				MARKETING_VERSION = 1.0;
				PRODUCT_BUNDLE_IDENTIFIER = "JSON.COTW-Companion";
				PRODUCT_NAME = "$(TARGET_NAME)";
				SWIFT_EMIT_LOC_STRINGS = YES;
				SWIFT_VERSION = 5.0;
				TARGETED_DEVICE_FAMILY = "1,2";
			};
			name = Debug;
		};
		C65D4EC22B05A1E900DD2FF8 /* Release */ = {
			isa = XCBuildConfiguration;
			buildSettings = {
				ASSETCATALOG_COMPILER_APPICON_NAME = AppIcon;
				ASSETCATALOG_COMPILER_GLOBAL_ACCENT_COLOR_NAME = AccentColor;
				CODE_SIGN_STYLE = Automatic;
				CURRENT_PROJECT_VERSION = 1;
				DEVELOPMENT_ASSET_PATHS = "\"COTW Companion/Preview Content\"";
				DEVELOPMENT_TEAM = T5H59C3GKM;
				ENABLE_PREVIEWS = YES;
				GENERATE_INFOPLIST_FILE = YES;
				INFOPLIST_KEY_UIApplicationSceneManifest_Generation = YES;
				INFOPLIST_KEY_UIApplicationSupportsIndirectInputEvents = YES;
				INFOPLIST_KEY_UILaunchScreen_Generation = YES;
				INFOPLIST_KEY_UISupportedInterfaceOrientations_iPad = "UIInterfaceOrientationPortrait UIInterfaceOrientationPortraitUpsideDown UIInterfaceOrientationLandscapeLeft UIInterfaceOrientationLandscapeRight";
				INFOPLIST_KEY_UISupportedInterfaceOrientations_iPhone = "UIInterfaceOrientationPortrait UIInterfaceOrientationLandscapeLeft UIInterfaceOrientationLandscapeRight";
				LD_RUNPATH_SEARCH_PATHS = (
					"$(inherited)",
					"@executable_path/Frameworks",
				);
				MARKETING_VERSION = 1.0;
				PRODUCT_BUNDLE_IDENTIFIER = "JSON.COTW-Companion";
				PRODUCT_NAME = "$(TARGET_NAME)";
				SWIFT_EMIT_LOC_STRINGS = YES;
				SWIFT_VERSION = 5.0;
				TARGETED_DEVICE_FAMILY = "1,2";
			};
			name = Release;
		};
/* End XCBuildConfiguration section */

/* Begin XCConfigurationList section */
		C65D4EAB2B05A1E700DD2FF8 /* Build configuration list for PBXProject "COTW Companion" */ = {
			isa = XCConfigurationList;
			buildConfigurations = (
				C65D4EBE2B05A1E900DD2FF8 /* Debug */,
				C65D4EBF2B05A1E900DD2FF8 /* Release */,
			);
			defaultConfigurationIsVisible = 0;
			defaultConfigurationName = Release;
		};
		C65D4EC02B05A1E900DD2FF8 /* Build configuration list for PBXNativeTarget "COTW Companion" */ = {
			isa = XCConfigurationList;
			buildConfigurations = (
				C65D4EC12B05A1E900DD2FF8 /* Debug */,
				C65D4EC22B05A1E900DD2FF8 /* Release */,
			);
			defaultConfigurationIsVisible = 0;
			defaultConfigurationName = Release;
		};
/* End XCConfigurationList section */
	};
	rootObject = C65D4EA82B05A1E700DD2FF8 /* Project object */;
}
